
Microsoft Visual Studio Solution File, Format Version 12.00
# Visual Studio Version 17
VisualStudioVersion = 17.3.32901.215
MinimumVisualStudioVersion = 10.0.40219.1
Project("{FAE04EC0-301F-11D3-BF4B-00C04F79EFBC}") = "belge durum", "belge durum\belge durum.csproj", "{5E9DBEC8-DA7F-4B91-8D5A-2A4B04F3C78C}"
EndProject
Global
	GlobalSection(SolutionConfigurationPlatforms) = preSolution
		Debug|Any CPU = Debug|Any CPU
		Release|Any CPU = Release|Any CPU
	EndGlobalSection
	GlobalSection(ProjectConfigurationPlatforms) = postSolution
		{5E9DBEC8-DA7F-4B91-8D5A-2A4B04F3C78C}.Debug|Any CPU.ActiveCfg = Debug|Any CPU
		{5E9DBEC8-DA7F-4B91-8D5A-2A4B04F3C78C}.Debug|Any CPU.Build.0 = Debug|Any CPU
		{5E9DBEC8-DA7F-4B91-8D5A-2A4B04F3C78C}.Release|Any CPU.ActiveCfg = Release|Any CPU
		{5E9DBEC8-DA7F-4B91-8D5A-2A4B04F3C78C}.Release|Any CPU.Build.0 = Release|Any CPU
	EndGlobalSection
	GlobalSection(SolutionProperties) = preSolution
		HideSolutionNode = FALSE
	EndGlobalSection
	GlobalSection(ExtensibilityGlobals) = postSolution
		SolutionGuid = {9EB39E71-802C-46B1-B3E3-E146DCCC7B78}
	EndGlobalSection
EndGlobal
